// !$*UTF8*$!
{
	archiveVersion = 1;
	classes = {
	};
	objectVersion = 46;
	objects = {

/* Begin PBXBuildFile section */
		7AFFC564F89F5197F3200E38 /* Pods_ZMWJoke.framework in Frameworks */ = {isa = PBXBuildFile; fileRef = 581B1A93B2DEF48CB5DAFC66 /* Pods_ZMWJoke.framework */; };
		B219211C1D7A51B400137E7F /* PathMacros.swift in Sources */ = {isa = PBXBuildFile; fileRef = B219211B1D7A51B400137E7F /* PathMacros.swift */; };
		B219211E1D7A89C700137E7F /* UtilMacros.swift in Sources */ = {isa = PBXBuildFile; fileRef = B219211D1D7A89C700137E7F /* UtilMacros.swift */; };
		B25B364C1D71D759009D5584 /* BaseViewController.swift in Sources */ = {isa = PBXBuildFile; fileRef = B25B364B1D71D759009D5584 /* BaseViewController.swift */; };
		B25B364E1D71D77A009D5584 /* TextViewController.swift in Sources */ = {isa = PBXBuildFile; fileRef = B25B364D1D71D77A009D5584 /* TextViewController.swift */; };
		B25B36501D71D78F009D5584 /* XHTabBar.swift in Sources */ = {isa = PBXBuildFile; fileRef = B25B364F1D71D78F009D5584 /* XHTabBar.swift */; };
		B25B36631D71DD48009D5584 /* DHButton.swift in Sources */ = {isa = PBXBuildFile; fileRef = B25B36541D71DD48009D5584 /* DHButton.swift */; };
		B25B36641D71DD48009D5584 /* SizeMacros.swift in Sources */ = {isa = PBXBuildFile; fileRef = B25B36551D71DD48009D5584 /* SizeMacros.swift */; };
		B25B36661D71DD48009D5584 /* BaseRequestManager.swift in Sources */ = {isa = PBXBuildFile; fileRef = B25B36571D71DD48009D5584 /* BaseRequestManager.swift */; };
		B25B36671D71DD48009D5584 /* NSDate+Extension.swift in Sources */ = {isa = PBXBuildFile; fileRef = B25B36581D71DD48009D5584 /* NSDate+Extension.swift */; };
		B25B36691D71DD48009D5584 /* Tool.swift in Sources */ = {isa = PBXBuildFile; fileRef = B25B365A1D71DD48009D5584 /* Tool.swift */; };
		B25B366B1D71DD48009D5584 /* UIFont+Extension.swift in Sources */ = {isa = PBXBuildFile; fileRef = B25B365C1D71DD48009D5584 /* UIFont+Extension.swift */; };
		B25B366C1D71DD48009D5584 /* UIImage+Extension.swift in Sources */ = {isa = PBXBuildFile; fileRef = B25B365D1D71DD48009D5584 /* UIImage+Extension.swift */; };
		B25B366D1D71DD48009D5584 /* UINib+Extension.swift in Sources */ = {isa = PBXBuildFile; fileRef = B25B365E1D71DD48009D5584 /* UINib+Extension.swift */; };
		B25B366E1D71DD48009D5584 /* UIStoryboard+Extension.swift in Sources */ = {isa = PBXBuildFile; fileRef = B25B365F1D71DD48009D5584 /* UIStoryboard+Extension.swift */; };
		B25B366F1D71DD48009D5584 /* UIView+Util.swift in Sources */ = {isa = PBXBuildFile; fileRef = B25B36601D71DD48009D5584 /* UIView+Util.swift */; };
		B25B36701D71DD48009D5584 /* Urls.swift in Sources */ = {isa = PBXBuildFile; fileRef = B25B36611D71DD48009D5584 /* Urls.swift */; };
		B25B36741D71DDBF009D5584 /* BebasNeue.otf in Resources */ = {isa = PBXBuildFile; fileRef = B25B36731D71DDBF009D5584 /* BebasNeue.otf */; };
		B25B367A1D727EA2009D5584 /* PictureViewController.swift in Sources */ = {isa = PBXBuildFile; fileRef = B25B36791D727EA2009D5584 /* PictureViewController.swift */; };
		B25B367C1D727EB1009D5584 /* CollectionViewController.swift in Sources */ = {isa = PBXBuildFile; fileRef = B25B367B1D727EB1009D5584 /* CollectionViewController.swift */; };
		B25B367E1D727EBA009D5584 /* MoreViewController.swift in Sources */ = {isa = PBXBuildFile; fileRef = B25B367D1D727EBA009D5584 /* MoreViewController.swift */; };
		B25B36811D7281E9009D5584 /* PersonViewController.swift in Sources */ = {isa = PBXBuildFile; fileRef = B25B36801D7281E9009D5584 /* PersonViewController.swift */; };
		B25B36831D7282AB009D5584 /* LoginViewController.swift in Sources */ = {isa = PBXBuildFile; fileRef = B25B36821D7282AB009D5584 /* LoginViewController.swift */; };
		B289F7DC1D716EAB00A3C52A /* AppDelegate.swift in Sources */ = {isa = PBXBuildFile; fileRef = B289F7DB1D716EAB00A3C52A /* AppDelegate.swift */; };
		B289F7E31D716EAB00A3C52A /* Assets.xcassets in Resources */ = {isa = PBXBuildFile; fileRef = B289F7E21D716EAB00A3C52A /* Assets.xcassets */; };
		B28EBC231D844FA7006C0491 /* AnimatedImageView.swift in Sources */ = {isa = PBXBuildFile; fileRef = B28EBC0F1D844FA7006C0491 /* AnimatedImageView.swift */; };
		B28EBC241D844FA7006C0491 /* CacheSerializer.swift in Sources */ = {isa = PBXBuildFile; fileRef = B28EBC101D844FA7006C0491 /* CacheSerializer.swift */; };
		B28EBC251D844FA7006C0491 /* Filter.swift in Sources */ = {isa = PBXBuildFile; fileRef = B28EBC111D844FA7006C0491 /* Filter.swift */; };
		B28EBC261D844FA7006C0491 /* Image.swift in Sources */ = {isa = PBXBuildFile; fileRef = B28EBC121D844FA7006C0491 /* Image.swift */; };
		B28EBC271D844FA7006C0491 /* ImageCache.swift in Sources */ = {isa = PBXBuildFile; fileRef = B28EBC131D844FA7006C0491 /* ImageCache.swift */; };
		B28EBC281D844FA7006C0491 /* ImageDownloader.swift in Sources */ = {isa = PBXBuildFile; fileRef = B28EBC141D844FA7006C0491 /* ImageDownloader.swift */; };
		B28EBC291D844FA7006C0491 /* ImagePrefetcher.swift in Sources */ = {isa = PBXBuildFile; fileRef = B28EBC151D844FA7006C0491 /* ImagePrefetcher.swift */; };
		B28EBC2A1D844FA7006C0491 /* ImageProcessor.swift in Sources */ = {isa = PBXBuildFile; fileRef = B28EBC161D844FA7006C0491 /* ImageProcessor.swift */; };
		B28EBC2B1D844FA7006C0491 /* ImageTransition.swift in Sources */ = {isa = PBXBuildFile; fileRef = B28EBC171D844FA7006C0491 /* ImageTransition.swift */; };
		B28EBC2C1D844FA7006C0491 /* ImageView+Kingfisher.swift in Sources */ = {isa = PBXBuildFile; fileRef = B28EBC181D844FA7006C0491 /* ImageView+Kingfisher.swift */; };
		B28EBC2D1D844FA7006C0491 /* Info.plist in Resources */ = {isa = PBXBuildFile; fileRef = B28EBC191D844FA7006C0491 /* Info.plist */; };
		B28EBC2E1D844FA7006C0491 /* KingfisherManager.swift in Sources */ = {isa = PBXBuildFile; fileRef = B28EBC1B1D844FA7006C0491 /* KingfisherManager.swift */; };
		B28EBC2F1D844FA7006C0491 /* KingfisherOptionsInfo.swift in Sources */ = {isa = PBXBuildFile; fileRef = B28EBC1C1D844FA7006C0491 /* KingfisherOptionsInfo.swift */; };
		B28EBC311D844FA7006C0491 /* RequrstModifier.swift in Sources */ = {isa = PBXBuildFile; fileRef = B28EBC1E1D844FA7006C0491 /* RequrstModifier.swift */; };
		B28EBC321D844FA7006C0491 /* Resource.swift in Sources */ = {isa = PBXBuildFile; fileRef = B28EBC1F1D844FA7006C0491 /* Resource.swift */; };
		B28EBC331D844FA7006C0491 /* String+MD5.swift in Sources */ = {isa = PBXBuildFile; fileRef = B28EBC201D844FA7006C0491 /* String+MD5.swift */; };
		B28EBC341D844FA7006C0491 /* ThreadHelper.swift in Sources */ = {isa = PBXBuildFile; fileRef = B28EBC211D844FA7006C0491 /* ThreadHelper.swift */; };
		B28EBC351D844FA7006C0491 /* UIButton+Kingfisher.swift in Sources */ = {isa = PBXBuildFile; fileRef = B28EBC221D844FA7006C0491 /* UIButton+Kingfisher.swift */; };
		FF56DC701D77B96300F8CFAC /* JokeRequestManager.swift in Sources */ = {isa = PBXBuildFile; fileRef = FF56DC6F1D77B96300F8CFAC /* JokeRequestManager.swift */; };
		FFA564001D7916DA006472DC /* TextModel.swift in Sources */ = {isa = PBXBuildFile; fileRef = FFA563FF1D7916DA006472DC /* TextModel.swift */; };
		FFB2DE0B1D7801FD003D0E70 /* TextCell.swift in Sources */ = {isa = PBXBuildFile; fileRef = FFB2DE0A1D7801FD003D0E70 /* TextCell.swift */; };
/* End PBXBuildFile section */

/* Begin PBXFileReference section */
		08D70A492D2F28796D3FA820 /* Pods-ZMWJoke.release.xcconfig */ = {isa = PBXFileReference; includeInIndex = 1; lastKnownFileType = text.xcconfig; name = "Pods-ZMWJoke.release.xcconfig"; path = "Pods/Target Support Files/Pods-ZMWJoke/Pods-ZMWJoke.release.xcconfig"; sourceTree = "<group>"; };
		581B1A93B2DEF48CB5DAFC66 /* Pods_ZMWJoke.framework */ = {isa = PBXFileReference; explicitFileType = wrapper.framework; includeInIndex = 0; path = Pods_ZMWJoke.framework; sourceTree = BUILT_PRODUCTS_DIR; };
		834DF9566F18E5EACBFB7F32 /* Pods-ZMWJoke.debug.xcconfig */ = {isa = PBXFileReference; includeInIndex = 1; lastKnownFileType = text.xcconfig; name = "Pods-ZMWJoke.debug.xcconfig"; path = "Pods/Target Support Files/Pods-ZMWJoke/Pods-ZMWJoke.debug.xcconfig"; sourceTree = "<group>"; };
		B219211B1D7A51B400137E7F /* PathMacros.swift */ = {isa = PBXFileReference; fileEncoding = 4; lastKnownFileType = sourcecode.swift; path = PathMacros.swift; sourceTree = "<group>"; };
		B219211D1D7A89C700137E7F /* UtilMacros.swift */ = {isa = PBXFileReference; fileEncoding = 4; lastKnownFileType = sourcecode.swift; path = UtilMacros.swift; sourceTree = "<group>"; };
		B25B364B1D71D759009D5584 /* BaseViewController.swift */ = {isa = PBXFileReference; fileEncoding = 4; lastKnownFileType = sourcecode.swift; path = BaseViewController.swift; sourceTree = "<group>"; };
		B25B364D1D71D77A009D5584 /* TextViewController.swift */ = {isa = PBXFileReference; fileEncoding = 4; lastKnownFileType = sourcecode.swift; path = TextViewController.swift; sourceTree = "<group>"; };
		B25B364F1D71D78F009D5584 /* XHTabBar.swift */ = {isa = PBXFileReference; fileEncoding = 4; lastKnownFileType = sourcecode.swift; path = XHTabBar.swift; sourceTree = "<group>"; };
		B25B36541D71DD48009D5584 /* DHButton.swift */ = {isa = PBXFileReference; fileEncoding = 4; lastKnownFileType = sourcecode.swift; path = DHButton.swift; sourceTree = "<group>"; };
		B25B36551D71DD48009D5584 /* SizeMacros.swift */ = {isa = PBXFileReference; fileEncoding = 4; lastKnownFileType = sourcecode.swift; path = SizeMacros.swift; sourceTree = "<group>"; };
		B25B36571D71DD48009D5584 /* BaseRequestManager.swift */ = {isa = PBXFileReference; fileEncoding = 4; lastKnownFileType = sourcecode.swift; path = BaseRequestManager.swift; sourceTree = "<group>"; };
		B25B36581D71DD48009D5584 /* NSDate+Extension.swift */ = {isa = PBXFileReference; fileEncoding = 4; lastKnownFileType = sourcecode.swift; path = "NSDate+Extension.swift"; sourceTree = "<group>"; };
		B25B365A1D71DD48009D5584 /* Tool.swift */ = {isa = PBXFileReference; fileEncoding = 4; lastKnownFileType = sourcecode.swift; path = Tool.swift; sourceTree = "<group>"; };
		B25B365C1D71DD48009D5584 /* UIFont+Extension.swift */ = {isa = PBXFileReference; fileEncoding = 4; lastKnownFileType = sourcecode.swift; path = "UIFont+Extension.swift"; sourceTree = "<group>"; };
		B25B365D1D71DD48009D5584 /* UIImage+Extension.swift */ = {isa = PBXFileReference; fileEncoding = 4; lastKnownFileType = sourcecode.swift; path = "UIImage+Extension.swift"; sourceTree = "<group>"; };
		B25B365E1D71DD48009D5584 /* UINib+Extension.swift */ = {isa = PBXFileReference; fileEncoding = 4; lastKnownFileType = sourcecode.swift; path = "UINib+Extension.swift"; sourceTree = "<group>"; };
		B25B365F1D71DD48009D5584 /* UIStoryboard+Extension.swift */ = {isa = PBXFileReference; fileEncoding = 4; lastKnownFileType = sourcecode.swift; path = "UIStoryboard+Extension.swift"; sourceTree = "<group>"; };
		B25B36601D71DD48009D5584 /* UIView+Util.swift */ = {isa = PBXFileReference; fileEncoding = 4; lastKnownFileType = sourcecode.swift; path = "UIView+Util.swift"; sourceTree = "<group>"; };
		B25B36611D71DD48009D5584 /* Urls.swift */ = {isa = PBXFileReference; fileEncoding = 4; lastKnownFileType = sourcecode.swift; path = Urls.swift; sourceTree = "<group>"; };
		B25B36711D71DD67009D5584 /* MyPlayground.playground */ = {isa = PBXFileReference; lastKnownFileType = file.playground; path = MyPlayground.playground; sourceTree = "<group>"; };
		B25B36731D71DDBF009D5584 /* BebasNeue.otf */ = {isa = PBXFileReference; lastKnownFileType = file; path = BebasNeue.otf; sourceTree = "<group>"; };
		B25B36791D727EA2009D5584 /* PictureViewController.swift */ = {isa = PBXFileReference; fileEncoding = 4; lastKnownFileType = sourcecode.swift; path = PictureViewController.swift; sourceTree = "<group>"; };
		B25B367B1D727EB1009D5584 /* CollectionViewController.swift */ = {isa = PBXFileReference; fileEncoding = 4; lastKnownFileType = sourcecode.swift; path = CollectionViewController.swift; sourceTree = "<group>"; };
		B25B367D1D727EBA009D5584 /* MoreViewController.swift */ = {isa = PBXFileReference; fileEncoding = 4; lastKnownFileType = sourcecode.swift; path = MoreViewController.swift; sourceTree = "<group>"; };
		B25B36801D7281E9009D5584 /* PersonViewController.swift */ = {isa = PBXFileReference; fileEncoding = 4; lastKnownFileType = sourcecode.swift; path = PersonViewController.swift; sourceTree = "<group>"; };
		B25B36821D7282AB009D5584 /* LoginViewController.swift */ = {isa = PBXFileReference; fileEncoding = 4; lastKnownFileType = sourcecode.swift; path = LoginViewController.swift; sourceTree = "<group>"; };
		B289F7D81D716EAB00A3C52A /* ZMWJoke.app */ = {isa = PBXFileReference; explicitFileType = wrapper.application; includeInIndex = 0; path = ZMWJoke.app; sourceTree = BUILT_PRODUCTS_DIR; };
		B289F7DB1D716EAB00A3C52A /* AppDelegate.swift */ = {isa = PBXFileReference; lastKnownFileType = sourcecode.swift; path = AppDelegate.swift; sourceTree = "<group>"; };
		B289F7E21D716EAB00A3C52A /* Assets.xcassets */ = {isa = PBXFileReference; lastKnownFileType = folder.assetcatalog; path = Assets.xcassets; sourceTree = "<group>"; };
		B289F7E71D716EAB00A3C52A /* Info.plist */ = {isa = PBXFileReference; lastKnownFileType = text.plist.xml; path = Info.plist; sourceTree = "<group>"; };
		B28EBC0F1D844FA7006C0491 /* AnimatedImageView.swift */ = {isa = PBXFileReference; fileEncoding = 4; lastKnownFileType = sourcecode.swift; path = AnimatedImageView.swift; sourceTree = "<group>"; };
		B28EBC101D844FA7006C0491 /* CacheSerializer.swift */ = {isa = PBXFileReference; fileEncoding = 4; lastKnownFileType = sourcecode.swift; path = CacheSerializer.swift; sourceTree = "<group>"; };
		B28EBC111D844FA7006C0491 /* Filter.swift */ = {isa = PBXFileReference; fileEncoding = 4; lastKnownFileType = sourcecode.swift; path = Filter.swift; sourceTree = "<group>"; };
		B28EBC121D844FA7006C0491 /* Image.swift */ = {isa = PBXFileReference; fileEncoding = 4; lastKnownFileType = sourcecode.swift; path = Image.swift; sourceTree = "<group>"; };
		B28EBC131D844FA7006C0491 /* ImageCache.swift */ = {isa = PBXFileReference; fileEncoding = 4; lastKnownFileType = sourcecode.swift; path = ImageCache.swift; sourceTree = "<group>"; };
		B28EBC141D844FA7006C0491 /* ImageDownloader.swift */ = {isa = PBXFileReference; fileEncoding = 4; lastKnownFileType = sourcecode.swift; path = ImageDownloader.swift; sourceTree = "<group>"; };
		B28EBC151D844FA7006C0491 /* ImagePrefetcher.swift */ = {isa = PBXFileReference; fileEncoding = 4; lastKnownFileType = sourcecode.swift; path = ImagePrefetcher.swift; sourceTree = "<group>"; };
		B28EBC161D844FA7006C0491 /* ImageProcessor.swift */ = {isa = PBXFileReference; fileEncoding = 4; lastKnownFileType = sourcecode.swift; path = ImageProcessor.swift; sourceTree = "<group>"; };
		B28EBC171D844FA7006C0491 /* ImageTransition.swift */ = {isa = PBXFileReference; fileEncoding = 4; lastKnownFileType = sourcecode.swift; path = ImageTransition.swift; sourceTree = "<group>"; };
		B28EBC181D844FA7006C0491 /* ImageView+Kingfisher.swift */ = {isa = PBXFileReference; fileEncoding = 4; lastKnownFileType = sourcecode.swift; path = "ImageView+Kingfisher.swift"; sourceTree = "<group>"; };
		B28EBC191D844FA7006C0491 /* Info.plist */ = {isa = PBXFileReference; fileEncoding = 4; lastKnownFileType = text.plist.xml; path = Info.plist; sourceTree = "<group>"; };
		B28EBC1A1D844FA7006C0491 /* Kingfisher.h */ = {isa = PBXFileReference; fileEncoding = 4; lastKnownFileType = sourcecode.c.h; path = Kingfisher.h; sourceTree = "<group>"; };
		B28EBC1B1D844FA7006C0491 /* KingfisherManager.swift */ = {isa = PBXFileReference; fileEncoding = 4; lastKnownFileType = sourcecode.swift; path = KingfisherManager.swift; sourceTree = "<group>"; };
		B28EBC1C1D844FA7006C0491 /* KingfisherOptionsInfo.swift */ = {isa = PBXFileReference; fileEncoding = 4; lastKnownFileType = sourcecode.swift; path = KingfisherOptionsInfo.swift; sourceTree = "<group>"; };
		B28EBC1E1D844FA7006C0491 /* RequrstModifier.swift */ = {isa = PBXFileReference; fileEncoding = 4; lastKnownFileType = sourcecode.swift; path = RequrstModifier.swift; sourceTree = "<group>"; };
		B28EBC1F1D844FA7006C0491 /* Resource.swift */ = {isa = PBXFileReference; fileEncoding = 4; lastKnownFileType = sourcecode.swift; path = Resource.swift; sourceTree = "<group>"; };
		B28EBC201D844FA7006C0491 /* String+MD5.swift */ = {isa = PBXFileReference; fileEncoding = 4; lastKnownFileType = sourcecode.swift; path = "String+MD5.swift"; sourceTree = "<group>"; };
		B28EBC211D844FA7006C0491 /* ThreadHelper.swift */ = {isa = PBXFileReference; fileEncoding = 4; lastKnownFileType = sourcecode.swift; path = ThreadHelper.swift; sourceTree = "<group>"; };
		B28EBC221D844FA7006C0491 /* UIButton+Kingfisher.swift */ = {isa = PBXFileReference; fileEncoding = 4; lastKnownFileType = sourcecode.swift; path = "UIButton+Kingfisher.swift"; sourceTree = "<group>"; };
		FF56DC6F1D77B96300F8CFAC /* JokeRequestManager.swift */ = {isa = PBXFileReference; fileEncoding = 4; lastKnownFileType = sourcecode.swift; path = JokeRequestManager.swift; sourceTree = "<group>"; };
		FFA563FF1D7916DA006472DC /* TextModel.swift */ = {isa = PBXFileReference; fileEncoding = 4; lastKnownFileType = sourcecode.swift; path = TextModel.swift; sourceTree = "<group>"; };
		FFB2DE0A1D7801FD003D0E70 /* TextCell.swift */ = {isa = PBXFileReference; fileEncoding = 4; lastKnownFileType = sourcecode.swift; path = TextCell.swift; sourceTree = "<group>"; };
/* End PBXFileReference section */

/* Begin PBXFrameworksBuildPhase section */
		B289F7D51D716EAB00A3C52A /* Frameworks */ = {
			isa = PBXFrameworksBuildPhase;
			buildActionMask = 2147483647;
			files = (
				7AFFC564F89F5197F3200E38 /* Pods_ZMWJoke.framework in Frameworks */,
			);
			runOnlyForDeploymentPostprocessing = 0;
		};
/* End PBXFrameworksBuildPhase section */

/* Begin PBXGroup section */
		41079B9806B30CA642A009C3 /* Pods */ = {
			isa = PBXGroup;
			children = (
				834DF9566F18E5EACBFB7F32 /* Pods-ZMWJoke.debug.xcconfig */,
				08D70A492D2F28796D3FA820 /* Pods-ZMWJoke.release.xcconfig */,
			);
			name = Pods;
			sourceTree = "<group>";
		};
		6AC8CC4A6237FF2A429223C4 /* Frameworks */ = {
			isa = PBXGroup;
			children = (
				581B1A93B2DEF48CB5DAFC66 /* Pods_ZMWJoke.framework */,
			);
			name = Frameworks;
			sourceTree = "<group>";
		};
		B25B36451D71D6C0009D5584 /* Text */ = {
			isa = PBXGroup;
			children = (
				B25B364D1D71D77A009D5584 /* TextViewController.swift */,
				FFB2DE0A1D7801FD003D0E70 /* TextCell.swift */,
				FFA563FF1D7916DA006472DC /* TextModel.swift */,
			);
			name = Text;
			sourceTree = "<group>";
		};
		B25B36461D71D6CA009D5584 /* Picture */ = {
			isa = PBXGroup;
			children = (
				B25B36791D727EA2009D5584 /* PictureViewController.swift */,
			);
			name = Picture;
			sourceTree = "<group>";
		};
		B25B36471D71D6E6009D5584 /* More */ = {
			isa = PBXGroup;
			children = (
				B25B367D1D727EBA009D5584 /* MoreViewController.swift */,
			);
			name = More;
			sourceTree = "<group>";
		};
		B25B36481D71D6EC009D5584 /* Collection */ = {
			isa = PBXGroup;
			children = (
				B25B367B1D727EB1009D5584 /* CollectionViewController.swift */,
			);
			name = Collection;
			sourceTree = "<group>";
		};
		B25B36511D71D795009D5584 /* Tabbar */ = {
			isa = PBXGroup;
			children = (
				B25B364F1D71D78F009D5584 /* XHTabBar.swift */,
			);
			name = Tabbar;
			sourceTree = "<group>";
		};
		B25B36521D71DD1E009D5584 /* Tool */ = {
			isa = PBXGroup;
			children = (
				B25B36541D71DD48009D5584 /* DHButton.swift */,
				B25B36581D71DD48009D5584 /* NSDate+Extension.swift */,
				B25B365A1D71DD48009D5584 /* Tool.swift */,
				B25B365C1D71DD48009D5584 /* UIFont+Extension.swift */,
				B25B365D1D71DD48009D5584 /* UIImage+Extension.swift */,
				B25B365E1D71DD48009D5584 /* UINib+Extension.swift */,
				B25B365F1D71DD48009D5584 /* UIStoryboard+Extension.swift */,
				B25B36601D71DD48009D5584 /* UIView+Util.swift */,
				B25B36611D71DD48009D5584 /* Urls.swift */,
			);
			name = Tool;
			sourceTree = "<group>";
		};
		B25B36721D71DDA2009D5584 /* Resource */ = {
			isa = PBXGroup;
			children = (
				B25B36731D71DDBF009D5584 /* BebasNeue.otf */,
			);
			name = Resource;
			sourceTree = "<group>";
		};
		B25B36751D71DDD7009D5584 /* RequestManager */ = {
			isa = PBXGroup;
			children = (
				B25B36571D71DD48009D5584 /* BaseRequestManager.swift */,
				FF56DC6F1D77B96300F8CFAC /* JokeRequestManager.swift */,
			);
			name = RequestManager;
			sourceTree = "<group>";
		};
		B25B36781D71DE18009D5584 /* Macro */ = {
			isa = PBXGroup;
			children = (
				B25B36551D71DD48009D5584 /* SizeMacros.swift */,
				B219211B1D7A51B400137E7F /* PathMacros.swift */,
				B219211D1D7A89C700137E7F /* UtilMacros.swift */,
			);
			name = Macro;
			sourceTree = "<group>";
		};
		B25B367F1D7281BC009D5584 /* Person */ = {
			isa = PBXGroup;
			children = (
				B25B36801D7281E9009D5584 /* PersonViewController.swift */,
				B25B36821D7282AB009D5584 /* LoginViewController.swift */,
			);
			name = Person;
			sourceTree = "<group>";
		};
		B289F7CF1D716EAB00A3C52A = {
			isa = PBXGroup;
			children = (
				B289F7DA1D716EAB00A3C52A /* ZMWJoke */,
				B289F7D91D716EAB00A3C52A /* Products */,
				41079B9806B30CA642A009C3 /* Pods */,
				6AC8CC4A6237FF2A429223C4 /* Frameworks */,
			);
			sourceTree = "<group>";
		};
		B289F7D91D716EAB00A3C52A /* Products */ = {
			isa = PBXGroup;
			children = (
				B289F7D81D716EAB00A3C52A /* ZMWJoke.app */,
			);
			name = Products;
			sourceTree = "<group>";
		};
		B289F7DA1D716EAB00A3C52A /* ZMWJoke */ = {
			isa = PBXGroup;
			children = (
				B289F7DB1D716EAB00A3C52A /* AppDelegate.swift */,
				B25B364B1D71D759009D5584 /* BaseViewController.swift */,
				B28EBC0D1D844F8F006C0491 /* MyFrameworks */,
				B25B36781D71DE18009D5584 /* Macro */,
				B25B36751D71DDD7009D5584 /* RequestManager */,
				B25B36721D71DDA2009D5584 /* Resource */,
				B25B36521D71DD1E009D5584 /* Tool */,
				B25B36511D71D795009D5584 /* Tabbar */,
				B25B36451D71D6C0009D5584 /* Text */,
				B25B36461D71D6CA009D5584 /* Picture */,
				B25B36481D71D6EC009D5584 /* Collection */,
				B25B36471D71D6E6009D5584 /* More */,
				B25B367F1D7281BC009D5584 /* Person */,
				B289F7E21D716EAB00A3C52A /* Assets.xcassets */,
				B289F7E71D716EAB00A3C52A /* Info.plist */,
				B25B36711D71DD67009D5584 /* MyPlayground.playground */,
			);
			path = ZMWJoke;
			sourceTree = "<group>";
		};
		B28EBC0D1D844F8F006C0491 /* MyFrameworks */ = {
			isa = PBXGroup;
			children = (
				B28EBC0E1D844FA7006C0491 /* Sources */,
			);
			name = MyFrameworks;
			sourceTree = "<group>";
		};
		B28EBC0E1D844FA7006C0491 /* Sources */ = {
			isa = PBXGroup;
			children = (
				B28EBC0F1D844FA7006C0491 /* AnimatedImageView.swift */,
				B28EBC101D844FA7006C0491 /* CacheSerializer.swift */,
				B28EBC111D844FA7006C0491 /* Filter.swift */,
				B28EBC121D844FA7006C0491 /* Image.swift */,
				B28EBC131D844FA7006C0491 /* ImageCache.swift */,
				B28EBC141D844FA7006C0491 /* ImageDownloader.swift */,
				B28EBC151D844FA7006C0491 /* ImagePrefetcher.swift */,
				B28EBC161D844FA7006C0491 /* ImageProcessor.swift */,
				B28EBC171D844FA7006C0491 /* ImageTransition.swift */,
				B28EBC181D844FA7006C0491 /* ImageView+Kingfisher.swift */,
				B28EBC191D844FA7006C0491 /* Info.plist */,
				B28EBC1A1D844FA7006C0491 /* Kingfisher.h */,
				B28EBC1B1D844FA7006C0491 /* KingfisherManager.swift */,
				B28EBC1C1D844FA7006C0491 /* KingfisherOptionsInfo.swift */,
				B28EBC1E1D844FA7006C0491 /* RequrstModifier.swift */,
				B28EBC1F1D844FA7006C0491 /* Resource.swift */,
				B28EBC201D844FA7006C0491 /* String+MD5.swift */,
				B28EBC211D844FA7006C0491 /* ThreadHelper.swift */,
				B28EBC221D844FA7006C0491 /* UIButton+Kingfisher.swift */,
			);
			path = Sources;
			sourceTree = "<group>";
		};
/* End PBXGroup section */

/* Begin PBXNativeTarget section */
		B289F7D71D716EAB00A3C52A /* ZMWJoke */ = {
			isa = PBXNativeTarget;
			buildConfigurationList = B289F7EA1D716EAB00A3C52A /* Build configuration list for PBXNativeTarget "ZMWJoke" */;
			buildPhases = (
				D6E3E5DFFE9B96766250245D /* [CP] Check Pods Manifest.lock */,
				B289F7D41D716EAB00A3C52A /* Sources */,
				B289F7D51D716EAB00A3C52A /* Frameworks */,
				B289F7D61D716EAB00A3C52A /* Resources */,
				104341F56FF728018E041955 /* [CP] Embed Pods Frameworks */,
				3AFE2B5E505EBB1F533C6B07 /* [CP] Copy Pods Resources */,
			);
			buildRules = (
			);
			dependencies = (
			);
			name = ZMWJoke;
			productName = ZMWJoke;
			productReference = B289F7D81D716EAB00A3C52A /* ZMWJoke.app */;
			productType = "com.apple.product-type.application";
		};
/* End PBXNativeTarget section */

/* Begin PBXProject section */
		B289F7D01D716EAB00A3C52A /* Project object */ = {
			isa = PBXProject;
			attributes = {
				LastSwiftUpdateCheck = 0800;
				LastUpgradeCheck = 0800;
				ORGANIZATIONNAME = shandandan;
				TargetAttributes = {
					B289F7D71D716EAB00A3C52A = {
						CreatedOnToolsVersion = 8.0;
						DevelopmentTeam = 72D439SU53;
						LastSwiftMigration = 0800;
						ProvisioningStyle = Automatic;
					};
				};
			};
			buildConfigurationList = B289F7D31D716EAB00A3C52A /* Build configuration list for PBXProject "ZMWJoke" */;
			compatibilityVersion = "Xcode 3.2";
			developmentRegion = English;
			hasScannedForEncodings = 0;
			knownRegions = (
				en,
				Base,
			);
			mainGroup = B289F7CF1D716EAB00A3C52A;
			productRefGroup = B289F7D91D716EAB00A3C52A /* Products */;
			projectDirPath = "";
			projectRoot = "";
			targets = (
				B289F7D71D716EAB00A3C52A /* ZMWJoke */,
			);
		};
/* End PBXProject section */

/* Begin PBXResourcesBuildPhase section */
		B289F7D61D716EAB00A3C52A /* Resources */ = {
			isa = PBXResourcesBuildPhase;
			buildActionMask = 2147483647;
			files = (
				B25B36741D71DDBF009D5584 /* BebasNeue.otf in Resources */,
				B289F7E31D716EAB00A3C52A /* Assets.xcassets in Resources */,
				B28EBC2D1D844FA7006C0491 /* Info.plist in Resources */,
			);
			runOnlyForDeploymentPostprocessing = 0;
		};
/* End PBXResourcesBuildPhase section */

/* Begin PBXShellScriptBuildPhase section */
		104341F56FF728018E041955 /* [CP] Embed Pods Frameworks */ = {
			isa = PBXShellScriptBuildPhase;
			buildActionMask = 2147483647;
			files = (
			);
			inputPaths = (
			);
			name = "[CP] Embed Pods Frameworks";
			outputPaths = (
			);
			runOnlyForDeploymentPostprocessing = 0;
			shellPath = /bin/sh;
			shellScript = "\"${SRCROOT}/Pods/Target Support Files/Pods-ZMWJoke/Pods-ZMWJoke-frameworks.sh\"\n";
			showEnvVarsInLog = 0;
		};
		3AFE2B5E505EBB1F533C6B07 /* [CP] Copy Pods Resources */ = {
			isa = PBXShellScriptBuildPhase;
			buildActionMask = 2147483647;
			files = (
			);
			inputPaths = (
			);
			name = "[CP] Copy Pods Resources";
			outputPaths = (
			);
			runOnlyForDeploymentPostprocessing = 0;
			shellPath = /bin/sh;
			shellScript = "\"${SRCROOT}/Pods/Target Support Files/Pods-ZMWJoke/Pods-ZMWJoke-resources.sh\"\n";
			showEnvVarsInLog = 0;
		};
		D6E3E5DFFE9B96766250245D /* [CP] Check Pods Manifest.lock */ = {
			isa = PBXShellScriptBuildPhase;
			buildActionMask = 2147483647;
			files = (
			);
			inputPaths = (
			);
			name = "[CP] Check Pods Manifest.lock";
			outputPaths = (
			);
			runOnlyForDeploymentPostprocessing = 0;
			shellPath = /bin/sh;
			shellScript = "diff \"${PODS_ROOT}/../Podfile.lock\" \"${PODS_ROOT}/Manifest.lock\" > /dev/null\nif [ $? != 0 ] ; then\n    # print error to STDERR\n    echo \"error: The sandbox is not in sync with the Podfile.lock. Run 'pod install' or update your CocoaPods installation.\" >&2\n    exit 1\nfi\n";
			showEnvVarsInLog = 0;
		};
/* End PBXShellScriptBuildPhase section */

/* Begin PBXSourcesBuildPhase section */
		B289F7D41D716EAB00A3C52A /* Sources */ = {
			isa = PBXSourcesBuildPhase;
			buildActionMask = 2147483647;
			files = (
				B28EBC271D844FA7006C0491 /* ImageCache.swift in Sources */,
				B28EBC2A1D844FA7006C0491 /* ImageProcessor.swift in Sources */,
				B25B366B1D71DD48009D5584 /* UIFont+Extension.swift in Sources */,
				B28EBC231D844FA7006C0491 /* AnimatedImageView.swift in Sources */,
				B28EBC2F1D844FA7006C0491 /* KingfisherOptionsInfo.swift in Sources */,
				B289F7DC1D716EAB00A3C52A /* AppDelegate.swift in Sources */,
				B25B36661D71DD48009D5584 /* BaseRequestManager.swift in Sources */,
				B28EBC261D844FA7006C0491 /* Image.swift in Sources */,
				B28EBC2E1D844FA7006C0491 /* KingfisherManager.swift in Sources */,
				B28EBC241D844FA7006C0491 /* CacheSerializer.swift in Sources */,
				B28EBC351D844FA7006C0491 /* UIButton+Kingfisher.swift in Sources */,
				B25B36691D71DD48009D5584 /* Tool.swift in Sources */,
				B25B36701D71DD48009D5584 /* Urls.swift in Sources */,
				B25B367E1D727EBA009D5584 /* MoreViewController.swift in Sources */,
				B28EBC2C1D844FA7006C0491 /* ImageView+Kingfisher.swift in Sources */,
				B219211E1D7A89C700137E7F /* UtilMacros.swift in Sources */,
				B25B36631D71DD48009D5584 /* DHButton.swift in Sources */,
				B25B367A1D727EA2009D5584 /* PictureViewController.swift in Sources */,
				B25B36671D71DD48009D5584 /* NSDate+Extension.swift in Sources */,
				B25B36831D7282AB009D5584 /* LoginViewController.swift in Sources */,
				B28EBC311D844FA7006C0491 /* RequrstModifier.swift in Sources */,
				B28EBC2B1D844FA7006C0491 /* ImageTransition.swift in Sources */,
				FFB2DE0B1D7801FD003D0E70 /* TextCell.swift in Sources */,
				B25B366E1D71DD48009D5584 /* UIStoryboard+Extension.swift in Sources */,
				B28EBC341D844FA7006C0491 /* ThreadHelper.swift in Sources */,
				B25B36641D71DD48009D5584 /* SizeMacros.swift in Sources */,
				B25B36501D71D78F009D5584 /* XHTabBar.swift in Sources */,
				B25B36811D7281E9009D5584 /* PersonViewController.swift in Sources */,
				B25B367C1D727EB1009D5584 /* CollectionViewController.swift in Sources */,
				B25B366C1D71DD48009D5584 /* UIImage+Extension.swift in Sources */,
				B25B364C1D71D759009D5584 /* BaseViewController.swift in Sources */,
				B28EBC251D844FA7006C0491 /* Filter.swift in Sources */,
				B25B364E1D71D77A009D5584 /* TextViewController.swift in Sources */,
				FF56DC701D77B96300F8CFAC /* JokeRequestManager.swift in Sources */,
				FFA564001D7916DA006472DC /* TextModel.swift in Sources */,
				B28EBC321D844FA7006C0491 /* Resource.swift in Sources */,
				B28EBC291D844FA7006C0491 /* ImagePrefetcher.swift in Sources */,
				B28EBC281D844FA7006C0491 /* ImageDownloader.swift in Sources */,
				B219211C1D7A51B400137E7F /* PathMacros.swift in Sources */,
				B25B366F1D71DD48009D5584 /* UIView+Util.swift in Sources */,
				B28EBC331D844FA7006C0491 /* String+MD5.swift in Sources */,
				B25B366D1D71DD48009D5584 /* UINib+Extension.swift in Sources */,
			);
			runOnlyForDeploymentPostprocessing = 0;
		};
/* End PBXSourcesBuildPhase section */

/* Begin XCBuildConfiguration section */
		B289F7E81D716EAB00A3C52A /* Debug */ = {
			isa = XCBuildConfiguration;
			buildSettings = {
				ALWAYS_SEARCH_USER_PATHS = NO;
				CLANG_ANALYZER_NONNULL = YES;
				CLANG_CXX_LANGUAGE_STANDARD = "gnu++0x";
				CLANG_CXX_LIBRARY = "libc++";
				CLANG_ENABLE_MODULES = YES;
				CLANG_ENABLE_OBJC_ARC = YES;
				CLANG_WARN_BOOL_CONVERSION = YES;
				CLANG_WARN_CONSTANT_CONVERSION = YES;
				CLANG_WARN_DIRECT_OBJC_ISA_USAGE = YES_ERROR;
				CLANG_WARN_DOCUMENTATION_COMMENTS = YES;
				CLANG_WARN_EMPTY_BODY = YES;
				CLANG_WARN_ENUM_CONVERSION = YES;
				CLANG_WARN_INFINITE_RECURSION = YES;
				CLANG_WARN_INT_CONVERSION = YES;
				CLANG_WARN_OBJC_ROOT_CLASS = YES_ERROR;
				CLANG_WARN_SUSPICIOUS_MOVE = YES;
				CLANG_WARN_SUSPICIOUS_MOVES = YES;
				CLANG_WARN_UNREACHABLE_CODE = YES;
				CLANG_WARN__DUPLICATE_METHOD_MATCH = YES;
				"CODE_SIGN_IDENTITY[sdk=iphoneos*]" = "iPhone Developer";
				COPY_PHASE_STRIP = NO;
				DEBUG_INFORMATION_FORMAT = dwarf;
				ENABLE_STRICT_OBJC_MSGSEND = YES;
				ENABLE_TESTABILITY = YES;
				GCC_C_LANGUAGE_STANDARD = gnu99;
				GCC_DYNAMIC_NO_PIC = NO;
				GCC_NO_COMMON_BLOCKS = YES;
				GCC_OPTIMIZATION_LEVEL = 0;
				GCC_PREPROCESSOR_DEFINITIONS = (
					"DEBUG=1",
					"$(inherited)",
				);
				GCC_WARN_64_TO_32_BIT_CONVERSION = YES;
				GCC_WARN_ABOUT_RETURN_TYPE = YES_ERROR;
				GCC_WARN_UNDECLARED_SELECTOR = YES;
				GCC_WARN_UNINITIALIZED_AUTOS = YES_AGGRESSIVE;
				GCC_WARN_UNUSED_FUNCTION = YES;
				GCC_WARN_UNUSED_VARIABLE = YES;
				IPHONEOS_DEPLOYMENT_TARGET = 9.0;
				MTL_ENABLE_DEBUG_INFO = YES;
				ONLY_ACTIVE_ARCH = YES;
				SDKROOT = iphoneos;
				SWIFT_ACTIVE_COMPILATION_CONDITIONS = DEBUG;
				SWIFT_OPTIMIZATION_LEVEL = "-Onone";
			};
			name = Debug;
		};
		B289F7E91D716EAB00A3C52A /* Release */ = {
			isa = XCBuildConfiguration;
			buildSettings = {
				ALWAYS_SEARCH_USER_PATHS = NO;
				CLANG_ANALYZER_NONNULL = YES;
				CLANG_CXX_LANGUAGE_STANDARD = "gnu++0x";
				CLANG_CXX_LIBRARY = "libc++";
				CLANG_ENABLE_MODULES = YES;
				CLANG_ENABLE_OBJC_ARC = YES;
				CLANG_WARN_BOOL_CONVERSION = YES;
				CLANG_WARN_CONSTANT_CONVERSION = YES;
				CLANG_WARN_DIRECT_OBJC_ISA_USAGE = YES_ERROR;
				CLANG_WARN_DOCUMENTATION_COMMENTS = YES;
				CLANG_WARN_EMPTY_BODY = YES;
				CLANG_WARN_ENUM_CONVERSION = YES;
				CLANG_WARN_INFINITE_RECURSION = YES;
				CLANG_WARN_INT_CONVERSION = YES;
				CLANG_WARN_OBJC_ROOT_CLASS = YES_ERROR;
				CLANG_WARN_SUSPICIOUS_MOVE = YES;
				CLANG_WARN_SUSPICIOUS_MOVES = YES;
				CLANG_WARN_UNREACHABLE_CODE = YES;
				CLANG_WARN__DUPLICATE_METHOD_MATCH = YES;
				"CODE_SIGN_IDENTITY[sdk=iphoneos*]" = "iPhone Developer";
				COPY_PHASE_STRIP = NO;
				DEBUG_INFORMATION_FORMAT = "dwarf-with-dsym";
				ENABLE_NS_ASSERTIONS = NO;
				ENABLE_STRICT_OBJC_MSGSEND = YES;
				GCC_C_LANGUAGE_STANDARD = gnu99;
				GCC_NO_COMMON_BLOCKS = YES;
				GCC_WARN_64_TO_32_BIT_CONVERSION = YES;
				GCC_WARN_ABOUT_RETURN_TYPE = YES_ERROR;
				GCC_WARN_UNDECLARED_SELECTOR = YES;
				GCC_WARN_UNINITIALIZED_AUTOS = YES_AGGRESSIVE;
				GCC_WARN_UNUSED_FUNCTION = YES;
				GCC_WARN_UNUSED_VARIABLE = YES;
				IPHONEOS_DEPLOYMENT_TARGET = 9.0;
				MTL_ENABLE_DEBUG_INFO = NO;
				SDKROOT = iphoneos;
				SWIFT_OPTIMIZATION_LEVEL = "-Owholemodule";
				VALIDATE_PRODUCT = YES;
			};
			name = Release;
		};
		B289F7EB1D716EAB00A3C52A /* Debug */ = {
			isa = XCBuildConfiguration;
			baseConfigurationReference = 834DF9566F18E5EACBFB7F32 /* Pods-ZMWJoke.debug.xcconfig */;
			buildSettings = {
				ALWAYS_EMBED_SWIFT_STANDARD_LIBRARIES = YES;
				ASSETCATALOG_COMPILER_APPICON_NAME = AppIcon;
				ASSETCATALOG_COMPILER_LAUNCHIMAGE_NAME = LaunchImage;
				CODE_SIGN_IDENTITY = "iPhone Developer";
				DEVELOPMENT_TEAM = 72D439SU53;
				INFOPLIST_FILE = ZMWJoke/Info.plist;
				IPHONEOS_DEPLOYMENT_TARGET = 9.0;
				LD_RUNPATH_SEARCH_PATHS = "$(inherited) @executable_path/Frameworks";
				PRODUCT_BUNDLE_IDENTIFIER = com.ZMWJoke;
				PRODUCT_NAME = "$(TARGET_NAME)";
				SWIFT_VERSION = 3.0;
			};
			name = Debug;
		};
		B289F7EC1D716EAB00A3C52A /* Release */ = {
			isa = XCBuildConfiguration;
			baseConfigurationReference = 08D70A492D2F28796D3FA820 /* Pods-ZMWJoke.release.xcconfig */;
			buildSettings = {
				ALWAYS_EMBED_SWIFT_STANDARD_LIBRARIES = YES;
				ASSETCATALOG_COMPILER_APPICON_NAME = AppIcon;
				ASSETCATALOG_COMPILER_LAUNCHIMAGE_NAME = LaunchImage;
				CODE_SIGN_IDENTITY = "iPhone Developer";
				DEVELOPMENT_TEAM = 72D439SU53;
				INFOPLIST_FILE = ZMWJoke/Info.plist;
				IPHONEOS_DEPLOYMENT_TARGET = 9.0;
				LD_RUNPATH_SEARCH_PATHS = "$(inherited) @executable_path/Frameworks";
				PRODUCT_BUNDLE_IDENTIFIER = com.ZMWJoke;
				PRODUCT_NAME = "$(TARGET_NAME)";
				SWIFT_VERSION = 3.0;
			};
			name = Release;
		};
/* End XCBuildConfiguration section */

/* Begin XCConfigurationList section */
		B289F7D31D716EAB00A3C52A /* Build configuration list for PBXProject "ZMWJoke" */ = {
			isa = XCConfigurationList;
			buildConfigurations = (
				B289F7E81D716EAB00A3C52A /* Debug */,
				B289F7E91D716EAB00A3C52A /* Release */,
			);
			defaultConfigurationIsVisible = 0;
			defaultConfigurationName = Release;
		};
		B289F7EA1D716EAB00A3C52A /* Build configuration list for PBXNativeTarget "ZMWJoke" */ = {
			isa = XCConfigurationList;
			buildConfigurations = (
				B289F7EB1D716EAB00A3C52A /* Debug */,
				B289F7EC1D716EAB00A3C52A /* Release */,
			);
			defaultConfigurationIsVisible = 0;
			defaultConfigurationName = Release;
		};
/* End XCConfigurationList section */
	};
	rootObject = B289F7D01D716EAB00A3C52A /* Project object */;
}
