// !$*UTF8*$!
{
	archiveVersion = 1;
	classes = {
	};
	objectVersion = 46;
	objects = {

/* Begin PBXBuildFile section */
		7AFFC564F89F5197F3200E38 /* Pods_ZMWJoke.framework in Frameworks */ = {isa = PBXBuildFile; fileRef = 581B1A93B2DEF48CB5DAFC66 /* Pods_ZMWJoke.framework */; };
		B289F7DC1D716EAB00A3C52A /* AppDelegate.swift in Sources */ = {isa = PBXBuildFile; fileRef = B289F7DB1D716EAB00A3C52A /* AppDelegate.swift */; };
		B289F7DE1D716EAB00A3C52A /* ViewController.swift in Sources */ = {isa = PBXBuildFile; fileRef = B289F7DD1D716EAB00A3C52A /* ViewController.swift */; };
		B289F7E31D716EAB00A3C52A /* Assets.xcassets in Resources */ = {isa = PBXBuildFile; fileRef = B289F7E21D716EAB00A3C52A /* Assets.xcassets */; };
/* End PBXBuildFile section */

/* Begin PBXFileReference section */
		08D70A492D2F28796D3FA820 /* Pods-ZMWJoke.release.xcconfig */ = {isa = PBXFileReference; includeInIndex = 1; lastKnownFileType = text.xcconfig; name = "Pods-ZMWJoke.release.xcconfig"; path = "Pods/Target Support Files/Pods-ZMWJoke/Pods-ZMWJoke.release.xcconfig"; sourceTree = "<group>"; };
		581B1A93B2DEF48CB5DAFC66 /* Pods_ZMWJoke.framework */ = {isa = PBXFileReference; explicitFileType = wrapper.framework; includeInIndex = 0; path = Pods_ZMWJoke.framework; sourceTree = BUILT_PRODUCTS_DIR; };
		834DF9566F18E5EACBFB7F32 /* Pods-ZMWJoke.debug.xcconfig */ = {isa = PBXFileReference; includeInIndex = 1; lastKnownFileType = text.xcconfig; name = "Pods-ZMWJoke.debug.xcconfig"; path = "Pods/Target Support Files/Pods-ZMWJoke/Pods-ZMWJoke.debug.xcconfig"; sourceTree = "<group>"; };
		B289F7D81D716EAB00A3C52A /* ZMWJoke.app */ = {isa = PBXFileReference; explicitFileType = wrapper.application; includeInIndex = 0; path = ZMWJoke.app; sourceTree = BUILT_PRODUCTS_DIR; };
		B289F7DB1D716EAB00A3C52A /* AppDelegate.swift */ = {isa = PBXFileReference; lastKnownFileType = sourcecode.swift; path = AppDelegate.swift; sourceTree = "<group>"; };
		B289F7DD1D716EAB00A3C52A /* ViewController.swift */ = {isa = PBXFileReference; lastKnownFileType = sourcecode.swift; path = ViewController.swift; sourceTree = "<group>"; };
		B289F7E21D716EAB00A3C52A /* Assets.xcassets */ = {isa = PBXFileReference; lastKnownFileType = folder.assetcatalog; path = Assets.xcassets; sourceTree = "<group>"; };
		B289F7E71D716EAB00A3C52A /* Info.plist */ = {isa = PBXFileReference; lastKnownFileType = text.plist.xml; path = Info.plist; sourceTree = "<group>"; };
/* End PBXFileReference section */

/* Begin PBXFrameworksBuildPhase section */
		B289F7D51D716EAB00A3C52A /* Frameworks */ = {
			isa = PBXFrameworksBuildPhase;
			buildActionMask = 2147483647;
			files = (
				7AFFC564F89F5197F3200E38 /* Pods_ZMWJoke.framework in Frameworks */,
			);
			runOnlyForDeploymentPostprocessing = 0;
		};
/* End PBXFrameworksBuildPhase section */

/* Begin PBXGroup section */
		41079B9806B30CA642A009C3 /* Pods */ = {
			isa = PBXGroup;
			children = (
				834DF9566F18E5EACBFB7F32 /* Pods-ZMWJoke.debug.xcconfig */,
				08D70A492D2F28796D3FA820 /* Pods-ZMWJoke.release.xcconfig */,
			);
			name = Pods;
			sourceTree = "<group>";
		};
		6AC8CC4A6237FF2A429223C4 /* Frameworks */ = {
			isa = PBXGroup;
			children = (
				581B1A93B2DEF48CB5DAFC66 /* Pods_ZMWJoke.framework */,
			);
			name = Frameworks;
			sourceTree = "<group>";
		};
		B289F7CF1D716EAB00A3C52A = {
			isa = PBXGroup;
			children = (
				B289F7DA1D716EAB00A3C52A /* ZMWJoke */,
				B289F7D91D716EAB00A3C52A /* Products */,
				41079B9806B30CA642A009C3 /* Pods */,
				6AC8CC4A6237FF2A429223C4 /* Frameworks */,
			);
			sourceTree = "<group>";
		};
		B289F7D91D716EAB00A3C52A /* Products */ = {
			isa = PBXGroup;
			children = (
				B289F7D81D716EAB00A3C52A /* ZMWJoke.app */,
			);
			name = Products;
			sourceTree = "<group>";
		};
		B289F7DA1D716EAB00A3C52A /* ZMWJoke */ = {
			isa = PBXGroup;
			children = (
				B289F7DB1D716EAB00A3C52A /* AppDelegate.swift */,
				B289F7DD1D716EAB00A3C52A /* ViewController.swift */,
				B289F7E21D716EAB00A3C52A /* Assets.xcassets */,
				B289F7E71D716EAB00A3C52A /* Info.plist */,
			);
			path = ZMWJoke;
			sourceTree = "<group>";
		};
/* End PBXGroup section */

/* Begin PBXNativeTarget section */
		B289F7D71D716EAB00A3C52A /* ZMWJoke */ = {
			isa = PBXNativeTarget;
			buildConfigurationList = B289F7EA1D716EAB00A3C52A /* Build configuration list for PBXNativeTarget "ZMWJoke" */;
			buildPhases = (
				D6E3E5DFFE9B96766250245D /* [CP] Check Pods Manifest.lock */,
				B289F7D41D716EAB00A3C52A /* Sources */,
				B289F7D51D716EAB00A3C52A /* Frameworks */,
				B289F7D61D716EAB00A3C52A /* Resources */,
				104341F56FF728018E041955 /* [CP] Embed Pods Frameworks */,
				3AFE2B5E505EBB1F533C6B07 /* [CP] Copy Pods Resources */,
			);
			buildRules = (
			);
			dependencies = (
			);
			name = ZMWJoke;
			productName = ZMWJoke;
			productReference = B289F7D81D716EAB00A3C52A /* ZMWJoke.app */;
			productType = "com.apple.product-type.application";
		};
/* End PBXNativeTarget section */

/* Begin PBXProject section */
		B289F7D01D716EAB00A3C52A /* Project object */ = {
			isa = PBXProject;
			attributes = {
				LastSwiftUpdateCheck = 0800;
				LastUpgradeCheck = 0800;
				ORGANIZATIONNAME = shandandan;
				TargetAttributes = {
					B289F7D71D716EAB00A3C52A = {
						CreatedOnToolsVersion = 8.0;
						DevelopmentTeam = 72D439SU53;
						LastSwiftMigration = 0800;
						ProvisioningStyle = Automatic;
					};
				};
			};
			buildConfigurationList = B289F7D31D716EAB00A3C52A /* Build configuration list for PBXProject "ZMWJoke" */;
			compatibilityVersion = "Xcode 3.2";
			developmentRegion = English;
			hasScannedForEncodings = 0;
			knownRegions = (
				en,
				Base,
			);
			mainGroup = B289F7CF1D716EAB00A3C52A;
			productRefGroup = B289F7D91D716EAB00A3C52A /* Products */;
			projectDirPath = "";
			projectRoot = "";
			targets = (
				B289F7D71D716EAB00A3C52A /* ZMWJoke */,
			);
		};
/* End PBXProject section */

/* Begin PBXResourcesBuildPhase section */
		B289F7D61D716EAB00A3C52A /* Resources */ = {
			isa = PBXResourcesBuildPhase;
			buildActionMask = 2147483647;
			files = (
				B289F7E31D716EAB00A3C52A /* Assets.xcassets in Resources */,
			);
			runOnlyForDeploymentPostprocessing = 0;
		};
/* End PBXResourcesBuildPhase section */

/* Begin PBXShellScriptBuildPhase section */
		104341F56FF728018E041955 /* [CP] Embed Pods Frameworks */ = {
			isa = PBXShellScriptBuildPhase;
			buildActionMask = 2147483647;
			files = (
			);
			inputPaths = (
			);
			name = "[CP] Embed Pods Frameworks";
			outputPaths = (
			);
			runOnlyForDeploymentPostprocessing = 0;
			shellPath = /bin/sh;
			shellScript = "\"${SRCROOT}/Pods/Target Support Files/Pods-ZMWJoke/Pods-ZMWJoke-frameworks.sh\"\n";
			showEnvVarsInLog = 0;
		};
		3AFE2B5E505EBB1F533C6B07 /* [CP] Copy Pods Resources */ = {
			isa = PBXShellScriptBuildPhase;
			buildActionMask = 2147483647;
			files = (
			);
			inputPaths = (
			);
			name = "[CP] Copy Pods Resources";
			outputPaths = (
			);
			runOnlyForDeploymentPostprocessing = 0;
			shellPath = /bin/sh;
			shellScript = "\"${SRCROOT}/Pods/Target Support Files/Pods-ZMWJoke/Pods-ZMWJoke-resources.sh\"\n";
			showEnvVarsInLog = 0;
		};
		D6E3E5DFFE9B96766250245D /* [CP] Check Pods Manifest.lock */ = {
			isa = PBXShellScriptBuildPhase;
			buildActionMask = 2147483647;
			files = (
			);
			inputPaths = (
			);
			name = "[CP] Check Pods Manifest.lock";
			outputPaths = (
			);
			runOnlyForDeploymentPostprocessing = 0;
			shellPath = /bin/sh;
			shellScript = "diff \"${PODS_ROOT}/../Podfile.lock\" \"${PODS_ROOT}/Manifest.lock\" > /dev/null\nif [[ $? != 0 ]] ; then\n    cat << EOM\nerror: The sandbox is not in sync with the Podfile.lock. Run 'pod install' or update your CocoaPods installation.\nEOM\n    exit 1\nfi\n";
			showEnvVarsInLog = 0;
		};
/* End PBXShellScriptBuildPhase section */

/* Begin PBXSourcesBuildPhase section */
		B289F7D41D716EAB00A3C52A /* Sources */ = {
			isa = PBXSourcesBuildPhase;
			buildActionMask = 2147483647;
			files = (
				B289F7DE1D716EAB00A3C52A /* ViewController.swift in Sources */,
				B289F7DC1D716EAB00A3C52A /* AppDelegate.swift in Sources */,
			);
			runOnlyForDeploymentPostprocessing = 0;
		};
/* End PBXSourcesBuildPhase section */

/* Begin XCBuildConfiguration section */
		B289F7E81D716EAB00A3C52A /* Debug */ = {
			isa = XCBuildConfiguration;
			buildSettings = {
				ALWAYS_SEARCH_USER_PATHS = NO;
				CLANG_ANALYZER_NONNULL = YES;
				CLANG_CXX_LANGUAGE_STANDARD = "gnu++0x";
				CLANG_CXX_LIBRARY = "libc++";
				CLANG_ENABLE_MODULES = YES;
				CLANG_ENABLE_OBJC_ARC = YES;
				CLANG_WARN_BOOL_CONVERSION = YES;
				CLANG_WARN_CONSTANT_CONVERSION = YES;
				CLANG_WARN_DIRECT_OBJC_ISA_USAGE = YES_ERROR;
				CLANG_WARN_DOCUMENTATION_COMMENTS = YES;
				CLANG_WARN_EMPTY_BODY = YES;
				CLANG_WARN_ENUM_CONVERSION = YES;
				CLANG_WARN_INFINITE_RECURSION = YES;
				CLANG_WARN_INT_CONVERSION = YES;
				CLANG_WARN_OBJC_ROOT_CLASS = YES_ERROR;
				CLANG_WARN_SUSPICIOUS_MOVES = YES;
				CLANG_WARN_UNREACHABLE_CODE = YES;
				CLANG_WARN__DUPLICATE_METHOD_MATCH = YES;
				"CODE_SIGN_IDENTITY[sdk=iphoneos*]" = "iPhone Developer";
				COPY_PHASE_STRIP = NO;
				DEBUG_INFORMATION_FORMAT = dwarf;
				ENABLE_STRICT_OBJC_MSGSEND = YES;
				ENABLE_TESTABILITY = YES;
				GCC_C_LANGUAGE_STANDARD = gnu99;
				GCC_DYNAMIC_NO_PIC = NO;
				GCC_NO_COMMON_BLOCKS = YES;
				GCC_OPTIMIZATION_LEVEL = 0;
				GCC_PREPROCESSOR_DEFINITIONS = (
					"DEBUG=1",
					"$(inherited)",
				);
				GCC_WARN_64_TO_32_BIT_CONVERSION = YES;
				GCC_WARN_ABOUT_RETURN_TYPE = YES_ERROR;
				GCC_WARN_UNDECLARED_SELECTOR = YES;
				GCC_WARN_UNINITIALIZED_AUTOS = YES_AGGRESSIVE;
				GCC_WARN_UNUSED_FUNCTION = YES;
				GCC_WARN_UNUSED_VARIABLE = YES;
				IPHONEOS_DEPLOYMENT_TARGET = 9.0;
				MTL_ENABLE_DEBUG_INFO = YES;
				ONLY_ACTIVE_ARCH = YES;
				SDKROOT = iphoneos;
				SWIFT_ACTIVE_COMPILATION_CONDITIONS = DEBUG;
				SWIFT_OPTIMIZATION_LEVEL = "-Onone";
			};
			name = Debug;
		};
		B289F7E91D716EAB00A3C52A /* Release */ = {
			isa = XCBuildConfiguration;
			buildSettings = {
				ALWAYS_SEARCH_USER_PATHS = NO;
				CLANG_ANALYZER_NONNULL = YES;
				CLANG_CXX_LANGUAGE_STANDARD = "gnu++0x";
				CLANG_CXX_LIBRARY = "libc++";
				CLANG_ENABLE_MODULES = YES;
				CLANG_ENABLE_OBJC_ARC = YES;
				CLANG_WARN_BOOL_CONVERSION = YES;
				CLANG_WARN_CONSTANT_CONVERSION = YES;
				CLANG_WARN_DIRECT_OBJC_ISA_USAGE = YES_ERROR;
				CLANG_WARN_DOCUMENTATION_COMMENTS = YES;
				CLANG_WARN_EMPTY_BODY = YES;
				CLANG_WARN_ENUM_CONVERSION = YES;
				CLANG_WARN_INFINITE_RECURSION = YES;
				CLANG_WARN_INT_CONVERSION = YES;
				CLANG_WARN_OBJC_ROOT_CLASS = YES_ERROR;
				CLANG_WARN_SUSPICIOUS_MOVES = YES;
				CLANG_WARN_UNREACHABLE_CODE = YES;
				CLANG_WARN__DUPLICATE_METHOD_MATCH = YES;
				"CODE_SIGN_IDENTITY[sdk=iphoneos*]" = "iPhone Developer";
				COPY_PHASE_STRIP = NO;
				DEBUG_INFORMATION_FORMAT = "dwarf-with-dsym";
				ENABLE_NS_ASSERTIONS = NO;
				ENABLE_STRICT_OBJC_MSGSEND = YES;
				GCC_C_LANGUAGE_STANDARD = gnu99;
				GCC_NO_COMMON_BLOCKS = YES;
				GCC_WARN_64_TO_32_BIT_CONVERSION = YES;
				GCC_WARN_ABOUT_RETURN_TYPE = YES_ERROR;
				GCC_WARN_UNDECLARED_SELECTOR = YES;
				GCC_WARN_UNINITIALIZED_AUTOS = YES_AGGRESSIVE;
				GCC_WARN_UNUSED_FUNCTION = YES;
				GCC_WARN_UNUSED_VARIABLE = YES;
				IPHONEOS_DEPLOYMENT_TARGET = 9.0;
				MTL_ENABLE_DEBUG_INFO = NO;
				SDKROOT = iphoneos;
				SWIFT_OPTIMIZATION_LEVEL = "-Owholemodule";
				VALIDATE_PRODUCT = YES;
			};
			name = Release;
		};
		B289F7EB1D716EAB00A3C52A /* Debug */ = {
			isa = XCBuildConfiguration;
			baseConfigurationReference = 834DF9566F18E5EACBFB7F32 /* Pods-ZMWJoke.debug.xcconfig */;
			buildSettings = {
				ALWAYS_EMBED_SWIFT_STANDARD_LIBRARIES = NO;
				ASSETCATALOG_COMPILER_APPICON_NAME = AppIcon;
				ASSETCATALOG_COMPILER_LAUNCHIMAGE_NAME = LaunchImage;
				CODE_SIGN_IDENTITY = "iPhone Developer";
				DEVELOPMENT_TEAM = 72D439SU53;
				INFOPLIST_FILE = ZMWJoke/Info.plist;
				IPHONEOS_DEPLOYMENT_TARGET = 9.0;
				LD_RUNPATH_SEARCH_PATHS = "$(inherited) @executable_path/Frameworks";
				PRODUCT_BUNDLE_IDENTIFIER = com.ZMWJoke;
				PRODUCT_NAME = "$(TARGET_NAME)";
				SWIFT_VERSION = 3.0;
			};
			name = Debug;
		};
		B289F7EC1D716EAB00A3C52A /* Release */ = {
			isa = XCBuildConfiguration;
			baseConfigurationReference = 08D70A492D2F28796D3FA820 /* Pods-ZMWJoke.release.xcconfig */;
			buildSettings = {
				ALWAYS_EMBED_SWIFT_STANDARD_LIBRARIES = NO;
				ASSETCATALOG_COMPILER_APPICON_NAME = AppIcon;
				ASSETCATALOG_COMPILER_LAUNCHIMAGE_NAME = LaunchImage;
				CODE_SIGN_IDENTITY = "iPhone Developer";
				DEVELOPMENT_TEAM = 72D439SU53;
				INFOPLIST_FILE = ZMWJoke/Info.plist;
				IPHONEOS_DEPLOYMENT_TARGET = 9.0;
				LD_RUNPATH_SEARCH_PATHS = "$(inherited) @executable_path/Frameworks";
				PRODUCT_BUNDLE_IDENTIFIER = com.ZMWJoke;
				PRODUCT_NAME = "$(TARGET_NAME)";
				SWIFT_VERSION = 3.0;
			};
			name = Release;
		};
/* End XCBuildConfiguration section */

/* Begin XCConfigurationList section */
		B289F7D31D716EAB00A3C52A /* Build configuration list for PBXProject "ZMWJoke" */ = {
			isa = XCConfigurationList;
			buildConfigurations = (
				B289F7E81D716EAB00A3C52A /* Debug */,
				B289F7E91D716EAB00A3C52A /* Release */,
			);
			defaultConfigurationIsVisible = 0;
			defaultConfigurationName = Release;
		};
		B289F7EA1D716EAB00A3C52A /* Build configuration list for PBXNativeTarget "ZMWJoke" */ = {
			isa = XCConfigurationList;
			buildConfigurations = (
				B289F7EB1D716EAB00A3C52A /* Debug */,
				B289F7EC1D716EAB00A3C52A /* Release */,
			);
			defaultConfigurationIsVisible = 0;
			defaultConfigurationName = Release;
		};
/* End XCConfigurationList section */
	};
	rootObject = B289F7D01D716EAB00A3C52A /* Project object */;
}
